# THIS IS AN AUTOGENERATED FILE. DO NOT EDIT THIS FILE DIRECTLY.
# yarn lockfile v1


"@types/escape-string-regexp@^1.0.0":
  version "1.0.0"
  resolved "https://registry.yarnpkg.com/@types/escape-string-regexp/-/escape-string-regexp-1.0.0.tgz#052d16d87db583b72daceae4eaabddb66954424c"

"@types/execa@^0.9.0":
  version "0.9.0"
  resolved "https://registry.yarnpkg.com/@types/execa/-/execa-0.9.0.tgz#9b025d2755f17e80beaf9368c3f4f319d8b0fb93"
  dependencies:
    "@types/node" "*"

"@types/find-up@^2.1.1":
  version "2.1.1"
  resolved "https://registry.yarnpkg.com/@types/find-up/-/find-up-2.1.1.tgz#1cd2d240f1ad1f48d32346074724dc3107248a11"

"@types/flat@^0.0.28":
  version "0.0.28"
  resolved "https://registry.yarnpkg.com/@types/flat/-/flat-0.0.28.tgz#5c788149d85a6cf8ff5f5f000acdd912cdea4274"

"@types/node@*", "@types/node@^10.5.8":
  version "10.5.8"
  resolved "https://registry.yarnpkg.com/@types/node/-/node-10.5.8.tgz#6f14ccecad1d19332f063a6a764f8907801fece0"

"@types/source-list-map@*":
  version "0.1.2"
  resolved "https://registry.yarnpkg.com/@types/source-list-map/-/source-list-map-0.1.2.tgz#0078836063ffaf17412349bba364087e0ac02ec9"

"@types/tapable@*":
  version "1.0.4"
  resolved "https://registry.yarnpkg.com/@types/tapable/-/tapable-1.0.4.tgz#b4ffc7dc97b498c969b360a41eee247f82616370"

"@types/uglify-js@*":
  version "3.0.3"
  resolved "https://registry.yarnpkg.com/@types/uglify-js/-/uglify-js-3.0.3.tgz#801a5ca1dc642861f47c46d14b700ed2d610840b"
  dependencies:
    source-map "^0.6.1"

"@types/webpack-sources@^0.1.5":
  version "0.1.5"
  resolved "https://registry.yarnpkg.com/@types/webpack-sources/-/webpack-sources-0.1.5.tgz#be47c10f783d3d6efe1471ff7f042611bd464a92"
  dependencies:
    "@types/node" "*"
    "@types/source-list-map" "*"
    source-map "^0.6.1"

"@types/webpack@^4.4.9":
  version "4.4.9"
  resolved "https://registry.yarnpkg.com/@types/webpack/-/webpack-4.4.9.tgz#814721fb4cfaebe553ffdf2ae2c504494ec6613b"
  dependencies:
    "@types/node" "*"
    "@types/tapable" "*"
    "@types/uglify-js" "*"
    source-map "^0.6.0"

buffer-alloc-unsafe@^1.1.0:
  version "1.1.0"
  resolved "https://registry.yarnpkg.com/buffer-alloc-unsafe/-/buffer-alloc-unsafe-1.1.0.tgz#bd7dc26ae2972d0eda253be061dba992349c19f0"

buffer-alloc@^1.2.0:
  version "1.2.0"
  resolved "https://registry.yarnpkg.com/buffer-alloc/-/buffer-alloc-1.2.0.tgz#890dd90d923a873e08e10e5fd51a57e5b7cce0ec"
  dependencies:
    buffer-alloc-unsafe "^1.1.0"
    buffer-fill "^1.0.0"

buffer-fill@^1.0.0:
  version "1.0.0"
  resolved "https://registry.yarnpkg.com/buffer-fill/-/buffer-fill-1.0.0.tgz#f8f78b76789888ef39f205cd637f68e702122b2c"

cross-spawn@^6.0.0:
  version "6.0.5"
  resolved "https://registry.yarnpkg.com/cross-spawn/-/cross-spawn-6.0.5.tgz#4a5ec7c64dfae22c3a14124dbacdee846d80cbc4"
  dependencies:
    nice-try "^1.0.4"
    path-key "^2.0.1"
    semver "^5.5.0"
    shebang-command "^1.2.0"
    which "^1.2.9"

escape-string-regexp@^1.0.5:
  version "1.0.5"
  resolved "https://registry.yarnpkg.com/escape-string-regexp/-/escape-string-regexp-1.0.5.tgz#1b61c0562190a8dff6ae3bb2cf0200ca130b86d4"

execa@^0.10.0:
  version "0.10.0"
  resolved "https://registry.yarnpkg.com/execa/-/execa-0.10.0.tgz#ff456a8f53f90f8eccc71a96d11bdfc7f082cb50"
  dependencies:
    cross-spawn "^6.0.0"
    get-stream "^3.0.0"
    is-stream "^1.1.0"
    npm-run-path "^2.0.0"
    p-finally "^1.0.0"
    signal-exit "^3.0.0"
    strip-eof "^1.0.0"

find-up@^3.0.0:
  version "3.0.0"
  resolved "https://registry.yarnpkg.com/find-up/-/find-up-3.0.0.tgz#49169f1d7993430646da61ecc5ae355c21c97b73"
  dependencies:
    locate-path "^3.0.0"

flat@^4.1.0:
  version "4.1.0"
  resolved "https://registry.yarnpkg.com/flat/-/flat-4.1.0.tgz#090bec8b05e39cba309747f1d588f04dbaf98db2"
  dependencies:
    is-buffer "~2.0.3"

get-stream@^3.0.0:
  version "3.0.0"
  resolved "https://registry.yarnpkg.com/get-stream/-/get-stream-3.0.0.tgz#8e943d1358dc37555054ecbe2edb05aa174ede14"

is-buffer@~2.0.3:
  version "2.0.3"
  resolved "https://registry.yarnpkg.com/is-buffer/-/is-buffer-2.0.3.tgz#4ecf3fcf749cbd1e472689e109ac66261a25e725"

is-stream@^1.1.0:
  version "1.1.0"
  resolved "https://registry.yarnpkg.com/is-stream/-/is-stream-1.1.0.tgz#12d4a3dd4e68e0b79ceb8dbc84173ae80d91ca44"

isbinaryfile@^3.0.3:
  version "3.0.3"
  resolved "https://registry.yarnpkg.com/isbinaryfile/-/isbinaryfile-3.0.3.tgz#5d6def3edebf6e8ca8cae9c30183a804b5f8be80"
  dependencies:
    buffer-alloc "^1.2.0"

isexe@^2.0.0:
  version "2.0.0"
  resolved "https://registry.yarnpkg.com/isexe/-/isexe-2.0.0.tgz#e8fbf374dc556ff8947a10dcb0572d633f2cfa10"

locate-path@^3.0.0:
  version "3.0.0"
  resolved "https://registry.yarnpkg.com/locate-path/-/locate-path-3.0.0.tgz#dbec3b3ab759758071b58fe59fc41871af21400e"
  dependencies:
    p-locate "^3.0.0"
    path-exists "^3.0.0"

nice-try@^1.0.4:
  version "1.0.4"
  resolved "https://registry.yarnpkg.com/nice-try/-/nice-try-1.0.4.tgz#d93962f6c52f2c1558c0fbda6d512819f1efe1c4"

npm-run-path@^2.0.0:
  version "2.0.2"
  resolved "https://registry.yarnpkg.com/npm-run-path/-/npm-run-path-2.0.2.tgz#35a9232dfa35d7067b4cb2ddf2357b1871536c5f"
  dependencies:
    path-key "^2.0.0"

p-finally@^1.0.0:
  version "1.0.0"
  resolved "https://registry.yarnpkg.com/p-finally/-/p-finally-1.0.0.tgz#3fbcfb15b899a44123b34b6dcc18b724336a2cae"

p-limit@^2.0.0:
  version "2.0.0"
  resolved "https://registry.yarnpkg.com/p-limit/-/p-limit-2.0.0.tgz#e624ed54ee8c460a778b3c9f3670496ff8a57aec"
  dependencies:
    p-try "^2.0.0"

p-locate@^3.0.0:
  version "3.0.0"
  resolved "https://registry.yarnpkg.com/p-locate/-/p-locate-3.0.0.tgz#322d69a05c0264b25997d9f40cd8a891ab0064a4"
  dependencies:
    p-limit "^2.0.0"

p-try@^2.0.0:
  version "2.0.0"
  resolved "https://registry.yarnpkg.com/p-try/-/p-try-2.0.0.tgz#85080bb87c64688fa47996fe8f7dfbe8211760b1"

path-exists@^3.0.0:
  version "3.0.0"
  resolved "https://registry.yarnpkg.com/path-exists/-/path-exists-3.0.0.tgz#ce0ebeaa5f78cb18925ea7d810d7b59b010fd515"

path-key@^2.0.0, path-key@^2.0.1:
  version "2.0.1"
  resolved "https://registry.yarnpkg.com/path-key/-/path-key-2.0.1.tgz#411cadb574c5a140d3a4b1910d40d80cc9f40b40"

semver@^5.5.0:
  version "5.5.0"
  resolved "https://registry.yarnpkg.com/semver/-/semver-5.5.0.tgz#dc4bbc7a6ca9d916dee5d43516f0092b58f7b8ab"

shebang-command@^1.2.0:
  version "1.2.0"
  resolved "https://registry.yarnpkg.com/shebang-command/-/shebang-command-1.2.0.tgz#44aac65b695b03398968c39f363fee5deafdf1ea"
  dependencies:
    shebang-regex "^1.0.0"

shebang-regex@^1.0.0:
  version "1.0.0"
  resolved "https://registry.yarnpkg.com/shebang-regex/-/shebang-regex-1.0.0.tgz#da42f49740c0b42db2ca9728571cb190c98efea3"

signal-exit@^3.0.0:
  version "3.0.2"
  resolved "https://registry.yarnpkg.com/signal-exit/-/signal-exit-3.0.2.tgz#b5fdc08f1287ea1178628e415e25132b73646c6d"

source-list-map@^2.0.0:
  version "2.0.0"
  resolved "https://registry.yarnpkg.com/source-list-map/-/source-list-map-2.0.0.tgz#aaa47403f7b245a92fbc97ea08f250d6087ed085"

source-map@^0.6.0, source-map@^0.6.1, source-map@~0.6.1:
  version "0.6.1"
  resolved "https://registry.yarnpkg.com/source-map/-/source-map-0.6.1.tgz#74722af32e9614e9c287a8d0bbde48b5e2f1a263"

strip-eof@^1.0.0:
  version "1.0.0"
  resolved "https://registry.yarnpkg.com/strip-eof/-/strip-eof-1.0.0.tgz#bb43ff5598a6eb05d89b59fcd129c983313606bf"

typescript@^3.0.1:
  version "3.0.1"
  resolved "https://registry.yarnpkg.com/typescript/-/typescript-3.0.1.tgz#43738f29585d3a87575520a4b93ab6026ef11fdb"

webpack-sources@^1.1.0:
  version "1.1.0"
  resolved "https://registry.yarnpkg.com/webpack-sources/-/webpack-sources-1.1.0.tgz#a101ebae59d6507354d71d8013950a3a8b7a5a54"
  dependencies:
    source-list-map "^2.0.0"
    source-map "~0.6.1"

which@^1.2.9:
  version "1.3.1"
  resolved "https://registry.yarnpkg.com/which/-/which-1.3.1.tgz#a45043d54f5805316da8d62f9f50918d3da70b0a"
  dependencies:
    isexe "^2.0.0"
